
Microsoft Visual Studio Solution File, Format Version 12.00
# Visual Studio Version 17
VisualStudioVersion = 17.14.36212.18 d17.14
MinimumVisualStudioVersion = 10.0.40219.1
Project("{FAE04EC0-301F-11D3-BF4B-00C04F79EFBC}") = "PAW.Web", "PAW.Web\PAW.Web.csproj", "{0F342937-4DAE-42E5-9789-97384BFDACE2}"
EndProject
Project("{FAE04EC0-301F-11D3-BF4B-00C04F79EFBC}") = "PAW.API", "PAW.API\PAW.API.csproj", "{AC71D11F-8E8B-453D-B4BE-B6CF8825D63C}"
EndProject
Project("{FAE04EC0-301F-11D3-BF4B-00C04F79EFBC}") = "PAW.Models", "PAW.Models\PAW.Models.csproj", "{92861E82-4A93-4940-B26C-566CB35777DB}"
EndProject
Project("{FAE04EC0-301F-11D3-BF4B-00C04F79EFBC}") = "PAW.DataAccess", "PAW.DataAccess\PAW.DataAccess.csproj", "{73D1C552-472F-4E46-A34D-B1A19F677D60}"
EndProject
Project("{FAE04EC0-301F-11D3-BF4B-00C04F79EFBC}") = "PAW.Architecture", "PAW.Architecture\PAW.Architecture.csproj", "{168DB680-82D5-3A8D-C8CB-420529DB86CA}"
EndProject
Global
	GlobalSection(SolutionConfigurationPlatforms) = preSolution
		Debug|Any CPU = Debug|Any CPU
		Release|Any CPU = Release|Any CPU
	EndGlobalSection
	GlobalSection(ProjectConfigurationPlatforms) = postSolution
		{0F342937-4DAE-42E5-9789-97384BFDACE2}.Debug|Any CPU.ActiveCfg = Debug|Any CPU
		{0F342937-4DAE-42E5-9789-97384BFDACE2}.Debug|Any CPU.Build.0 = Debug|Any CPU
		{0F342937-4DAE-42E5-9789-97384BFDACE2}.Release|Any CPU.ActiveCfg = Release|Any CPU
		{0F342937-4DAE-42E5-9789-97384BFDACE2}.Release|Any CPU.Build.0 = Release|Any CPU
		{AC71D11F-8E8B-453D-B4BE-B6CF8825D63C}.Debug|Any CPU.ActiveCfg = Debug|Any CPU
		{AC71D11F-8E8B-453D-B4BE-B6CF8825D63C}.Debug|Any CPU.Build.0 = Debug|Any CPU
		{AC71D11F-8E8B-453D-B4BE-B6CF8825D63C}.Release|Any CPU.ActiveCfg = Release|Any CPU
		{AC71D11F-8E8B-453D-B4BE-B6CF8825D63C}.Release|Any CPU.Build.0 = Release|Any CPU
		{92861E82-4A93-4940-B26C-566CB35777DB}.Debug|Any CPU.ActiveCfg = Debug|Any CPU
		{92861E82-4A93-4940-B26C-566CB35777DB}.Debug|Any CPU.Build.0 = Debug|Any CPU
		{92861E82-4A93-4940-B26C-566CB35777DB}.Release|Any CPU.ActiveCfg = Release|Any CPU
		{92861E82-4A93-4940-B26C-566CB35777DB}.Release|Any CPU.Build.0 = Release|Any CPU
		{73D1C552-472F-4E46-A34D-B1A19F677D60}.Debug|Any CPU.ActiveCfg = Debug|Any CPU
		{73D1C552-472F-4E46-A34D-B1A19F677D60}.Debug|Any CPU.Build.0 = Debug|Any CPU
		{73D1C552-472F-4E46-A34D-B1A19F677D60}.Release|Any CPU.ActiveCfg = Release|Any CPU
		{73D1C552-472F-4E46-A34D-B1A19F677D60}.Release|Any CPU.Build.0 = Release|Any CPU
		{168DB680-82D5-3A8D-C8CB-420529DB86CA}.Debug|Any CPU.ActiveCfg = Debug|Any CPU
		{168DB680-82D5-3A8D-C8CB-420529DB86CA}.Debug|Any CPU.Build.0 = Debug|Any CPU
		{168DB680-82D5-3A8D-C8CB-420529DB86CA}.Release|Any CPU.ActiveCfg = Release|Any CPU
		{168DB680-82D5-3A8D-C8CB-420529DB86CA}.Release|Any CPU.Build.0 = Release|Any CPU
	EndGlobalSection
	GlobalSection(SolutionProperties) = preSolution
		HideSolutionNode = FALSE
	EndGlobalSection
	GlobalSection(ExtensibilityGlobals) = postSolution
		SolutionGuid = {64E783A2-3FF1-4997-8E43-B71727446874}
	EndGlobalSection
EndGlobal
